
Microsoft Visual Studio Solution File, Format Version 12.00
# Visual Studio 2013
VisualStudioVersion = 12.0.30723.0
MinimumVisualStudioVersion = 10.0.40219.1
Project("{F088123C-0E9E-452A-89E6-6BA2F21D5CAC}") = "ModelingProject", "ModelingProject\ModelingProject.modelproj", "{E25979D0-0CC4-4A6E-9C5B-0541397DFE11}"
EndProject
Global
	GlobalSection(SolutionConfigurationPlatforms) = preSolution
		Debug|Any CPU = Debug|Any CPU
		Release|Any CPU = Release|Any CPU
	EndGlobalSection
	GlobalSection(ProjectConfigurationPlatforms) = postSolution
		{E25979D0-0CC4-4A6E-9C5B-0541397DFE11}.Debug|Any CPU.ActiveCfg = Debug|Any CPU
		{E25979D0-0CC4-4A6E-9C5B-0541397DFE11}.Debug|Any CPU.Build.0 = Debug|Any CPU
		{E25979D0-0CC4-4A6E-9C5B-0541397DFE11}.Release|Any CPU.ActiveCfg = Release|Any CPU
		{E25979D0-0CC4-4A6E-9C5B-0541397DFE11}.Release|Any CPU.Build.0 = Release|Any CPU
	EndGlobalSection
	GlobalSection(SolutionProperties) = preSolution
		HideSolutionNode = FALSE
	EndGlobalSection
EndGlobal
